
Microsoft Visual Studio Solution File, Format Version 12.00
# Visual Studio 15
VisualStudioVersion = 15.0.26730.16
MinimumVisualStudioVersion = 10.0.40219.1
Project("{FAE04EC0-301F-11D3-BF4B-00C04F79EFBC}") = "EpiQuest 0.1.0", "EpiQuest 0.1.0\EpiQuest 0.1.0.csproj", "{3A153114-28A8-4136-9C82-71E11AA957CD}"
EndProject
Global
	GlobalSection(SolutionConfigurationPlatforms) = preSolution
		Debug|Any CPU = Debug|Any CPU
		Release|Any CPU = Release|Any CPU
	EndGlobalSection
	GlobalSection(ProjectConfigurationPlatforms) = postSolution
		{3A153114-28A8-4136-9C82-71E11AA957CD}.Debug|Any CPU.ActiveCfg = Debug|Any CPU
		{3A153114-28A8-4136-9C82-71E11AA957CD}.Debug|Any CPU.Build.0 = Debug|Any CPU
		{3A153114-28A8-4136-9C82-71E11AA957CD}.Release|Any CPU.ActiveCfg = Release|Any CPU
		{3A153114-28A8-4136-9C82-71E11AA957CD}.Release|Any CPU.Build.0 = Release|Any CPU
	EndGlobalSection
	GlobalSection(SolutionProperties) = preSolution
		HideSolutionNode = FALSE
	EndGlobalSection
	GlobalSection(ExtensibilityGlobals) = postSolution
		SolutionGuid = {3CD41C72-CBEA-48C5-B388-732368DC327E}
	EndGlobalSection
EndGlobal
